
Microsoft Visual Studio Solution File, Format Version 12.00
# Visual Studio Version 16
VisualStudioVersion = 16.0.29403.142
MinimumVisualStudioVersion = 10.0.40219.1
Project("{FAE04EC0-301F-11D3-BF4B-00C04F79EFBC}") = "Практическая работа №7 (Задание №3)", "Практическая работа №7 (Задание №3).csproj", "{4DEB2BDC-55EA-4DD8-AFF9-53DC7A188463}"
EndProject
Global
	GlobalSection(SolutionConfigurationPlatforms) = preSolution
		Debug|Any CPU = Debug|Any CPU
		Release|Any CPU = Release|Any CPU
	EndGlobalSection
	GlobalSection(ProjectConfigurationPlatforms) = postSolution
		{4DEB2BDC-55EA-4DD8-AFF9-53DC7A188463}.Debug|Any CPU.ActiveCfg = Debug|Any CPU
		{4DEB2BDC-55EA-4DD8-AFF9-53DC7A188463}.Debug|Any CPU.Build.0 = Debug|Any CPU
		{4DEB2BDC-55EA-4DD8-AFF9-53DC7A188463}.Release|Any CPU.ActiveCfg = Release|Any CPU
		{4DEB2BDC-55EA-4DD8-AFF9-53DC7A188463}.Release|Any CPU.Build.0 = Release|Any CPU
	EndGlobalSection
	GlobalSection(SolutionProperties) = preSolution
		HideSolutionNode = FALSE
	EndGlobalSection
	GlobalSection(ExtensibilityGlobals) = postSolution
		SolutionGuid = {AFB92A9D-9525-4FFA-BB8A-6DA131BBDCA0}
	EndGlobalSection
EndGlobal
