
Microsoft Visual Studio Solution File, Format Version 12.00
# Visual Studio Version 16
VisualStudioVersion = 16.0.29403.142
MinimumVisualStudioVersion = 10.0.40219.1
Project("{FAE04EC0-301F-11D3-BF4B-00C04F79EFBC}") = "Практическая работа №4", "Практическая работа №4.csproj", "{B73D215C-E8F2-4949-ABF8-341BD47FAC17}"
EndProject
Global
	GlobalSection(SolutionConfigurationPlatforms) = preSolution
		Debug|Any CPU = Debug|Any CPU
		Release|Any CPU = Release|Any CPU
	EndGlobalSection
	GlobalSection(ProjectConfigurationPlatforms) = postSolution
		{B73D215C-E8F2-4949-ABF8-341BD47FAC17}.Debug|Any CPU.ActiveCfg = Debug|Any CPU
		{B73D215C-E8F2-4949-ABF8-341BD47FAC17}.Debug|Any CPU.Build.0 = Debug|Any CPU
		{B73D215C-E8F2-4949-ABF8-341BD47FAC17}.Release|Any CPU.ActiveCfg = Release|Any CPU
		{B73D215C-E8F2-4949-ABF8-341BD47FAC17}.Release|Any CPU.Build.0 = Release|Any CPU
	EndGlobalSection
	GlobalSection(SolutionProperties) = preSolution
		HideSolutionNode = FALSE
	EndGlobalSection
	GlobalSection(ExtensibilityGlobals) = postSolution
		SolutionGuid = {82742F99-AD52-48A9-A973-7021B48C8777}
	EndGlobalSection
EndGlobal
