
Microsoft Visual Studio Solution File, Format Version 12.00
# Visual Studio Version 16
VisualStudioVersion = 16.0.29403.142
MinimumVisualStudioVersion = 10.0.40219.1
Project("{FAE04EC0-301F-11D3-BF4B-00C04F79EFBC}") = "Практическая работа №2", "Практическая работа №2.csproj", "{FD269698-C8B6-46A9-A361-D3CD77DDC552}"
EndProject
Global
	GlobalSection(SolutionConfigurationPlatforms) = preSolution
		Debug|Any CPU = Debug|Any CPU
		Release|Any CPU = Release|Any CPU
	EndGlobalSection
	GlobalSection(ProjectConfigurationPlatforms) = postSolution
		{FD269698-C8B6-46A9-A361-D3CD77DDC552}.Debug|Any CPU.ActiveCfg = Debug|Any CPU
		{FD269698-C8B6-46A9-A361-D3CD77DDC552}.Debug|Any CPU.Build.0 = Debug|Any CPU
		{FD269698-C8B6-46A9-A361-D3CD77DDC552}.Release|Any CPU.ActiveCfg = Release|Any CPU
		{FD269698-C8B6-46A9-A361-D3CD77DDC552}.Release|Any CPU.Build.0 = Release|Any CPU
	EndGlobalSection
	GlobalSection(SolutionProperties) = preSolution
		HideSolutionNode = FALSE
	EndGlobalSection
	GlobalSection(ExtensibilityGlobals) = postSolution
		SolutionGuid = {8ACA99A0-3735-48CA-A822-483780DE1B79}
	EndGlobalSection
EndGlobal
