
Microsoft Visual Studio Solution File, Format Version 12.00
# Visual Studio Version 17
VisualStudioVersion = 17.3.32929.385
MinimumVisualStudioVersion = 10.0.40219.1
Project("{FAE04EC0-301F-11D3-BF4B-00C04F79EFBC}") = "Практическая работа №6 (Задание №4)", "Практическая работа №6 (Задание №4)\Практическая работа №6 (Задание №4).csproj", "{36094679-83AD-446F-B9B2-D8B0C3FFE1B4}"
EndProject
Global
	GlobalSection(SolutionConfigurationPlatforms) = preSolution
		Debug|Any CPU = Debug|Any CPU
		Release|Any CPU = Release|Any CPU
	EndGlobalSection
	GlobalSection(ProjectConfigurationPlatforms) = postSolution
		{36094679-83AD-446F-B9B2-D8B0C3FFE1B4}.Debug|Any CPU.ActiveCfg = Debug|Any CPU
		{36094679-83AD-446F-B9B2-D8B0C3FFE1B4}.Debug|Any CPU.Build.0 = Debug|Any CPU
		{36094679-83AD-446F-B9B2-D8B0C3FFE1B4}.Release|Any CPU.ActiveCfg = Release|Any CPU
		{36094679-83AD-446F-B9B2-D8B0C3FFE1B4}.Release|Any CPU.Build.0 = Release|Any CPU
	EndGlobalSection
	GlobalSection(SolutionProperties) = preSolution
		HideSolutionNode = FALSE
	EndGlobalSection
	GlobalSection(ExtensibilityGlobals) = postSolution
		SolutionGuid = {6974FEDF-24B6-433C-BC42-F9CD51C4ACCA}
	EndGlobalSection
EndGlobal
